{
  "name": "media_torrent",
  "version": "1.0.0",
  "lockfileVersion": 1,
  "requires": true,
  "dependencies": {
    "@types/node": {
      "version": "14.14.17",
      "resolved": "https://registry.npmjs.org/@types/node/-/node-14.14.17.tgz",
      "integrity": "sha512-G0lD1/7qD60TJ/mZmhog76k7NcpLWkPVGgzkRy3CTlnFu4LUQh5v2Wa661z6vnXmD8EQrnALUyf0VRtrACYztw==",
      "dev": true
    },
    "minimist": {
      "version": "1.2.5",
      "resolved": "https://registry.npmjs.org/minimist/-/minimist-1.2.5.tgz",
      "integrity": "sha512-FM9nNUYrRBAELZQT3xeZQ7fmMOBg6nWNmJKTcgsJeaLstP/UODVpGsr5OhXhhXg6f+qtJ8uiZ+PUxkDWcgIXLw=="
    },
    "parse-torrent-title": {
      "version": "1.3.0",
      "resolved": "https://registry.npmjs.org/parse-torrent-title/-/parse-torrent-title-1.3.0.tgz",
      "integrity": "sha512-R5wya73/Ef0qUhb9177Ko8nRQyN1ziWD5DPnlrDrrgcchUnmIrG//cPENunvFYRZCLDZosXTKTo7TpQ2Pgbryg=="
    }
  }
}
